// !$*UTF8*$!
{
	archiveVersion = 1;
	classes = {
	};
	objectVersion = 46;
	objects = {

/* Begin PBXBuildFile section */
		131E81EF1EA63144004E35D1 /* main.m in Sources */ = {isa = PBXBuildFile; fileRef = 131E81EE1EA63144004E35D1 /* main.m */; };
		131E81F21EA63144004E35D1 /* AppDelegate.m in Sources */ = {isa = PBXBuildFile; fileRef = 131E81F11EA63144004E35D1 /* AppDelegate.m */; };
		131E81F51EA63144004E35D1 /* ViewController.m in Sources */ = {isa = PBXBuildFile; fileRef = 131E81F41EA63144004E35D1 /* ViewController.m */; };
		131E81F81EA63144004E35D1 /* Main.storyboard in Resources */ = {isa = PBXBuildFile; fileRef = 131E81F61EA63144004E35D1 /* Main.storyboard */; };
		131E81FA1EA63144004E35D1 /* Assets.xcassets in Resources */ = {isa = PBXBuildFile; fileRef = 131E81F91EA63144004E35D1 /* Assets.xcassets */; };
		131E81FD1EA63144004E35D1 /* LaunchScreen.storyboard in Resources */ = {isa = PBXBuildFile; fileRef = 131E81FB1EA63144004E35D1 /* LaunchScreen.storyboard */; };
		131E82081EA63144004E35D1 /* _00000wp_iOSTests.m in Sources */ = {isa = PBXBuildFile; fileRef = 131E82071EA63144004E35D1 /* _00000wp_iOSTests.m */; };
		131E82131EA63144004E35D1 /* _00000wp_iOSUITests.m in Sources */ = {isa = PBXBuildFile; fileRef = 131E82121EA63144004E35D1 /* _00000wp_iOSUITests.m */; };
		1D8086F3B1283757F291D7E2 /* libPods-100000wp_iOS.a in Frameworks */ = {isa = PBXBuildFile; fileRef = 6F52DAA9F37E699F84EA6903 /* libPods-100000wp_iOS.a */; };
		36315A82BCB480969AD37BB6 /* libPods-100000wp_iOSTests.a in Frameworks */ = {isa = PBXBuildFile; fileRef = 654D8E151F6BE0DD16B51873 /* libPods-100000wp_iOSTests.a */; };
		91C0099D4882156A5B119066 /* libPods-100000wp_iOSUITests.a in Frameworks */ = {isa = PBXBuildFile; fileRef = AA99FFBB26A22C5802B122CE /* libPods-100000wp_iOSUITests.a */; };
/* End PBXBuildFile section */

/* Begin PBXContainerItemProxy section */
		131E82041EA63144004E35D1 /* PBXContainerItemProxy */ = {
			isa = PBXContainerItemProxy;
			containerPortal = 131E81E21EA63144004E35D1 /* Project object */;
			proxyType = 1;
			remoteGlobalIDString = 131E81E91EA63144004E35D1;
			remoteInfo = 100000wp_iOS;
		};
		131E820F1EA63144004E35D1 /* PBXContainerItemProxy */ = {
			isa = PBXContainerItemProxy;
			containerPortal = 131E81E21EA63144004E35D1 /* Project object */;
			proxyType = 1;
			remoteGlobalIDString = 131E81E91EA63144004E35D1;
			remoteInfo = 100000wp_iOS;
		};
/* End PBXContainerItemProxy section */

/* Begin PBXFileReference section */
		131E81EA1EA63144004E35D1 /* 100000wp_iOS.app */ = {isa = PBXFileReference; explicitFileType = wrapper.application; includeInIndex = 0; path = 100000wp_iOS.app; sourceTree = BUILT_PRODUCTS_DIR; };
		131E81EE1EA63144004E35D1 /* main.m */ = {isa = PBXFileReference; lastKnownFileType = sourcecode.c.objc; path = main.m; sourceTree = "<group>"; };
		131E81F01EA63144004E35D1 /* AppDelegate.h */ = {isa = PBXFileReference; lastKnownFileType = sourcecode.c.h; path = AppDelegate.h; sourceTree = "<group>"; };
		131E81F11EA63144004E35D1 /* AppDelegate.m */ = {isa = PBXFileReference; lastKnownFileType = sourcecode.c.objc; path = AppDelegate.m; sourceTree = "<group>"; };
		131E81F31EA63144004E35D1 /* ViewController.h */ = {isa = PBXFileReference; lastKnownFileType = sourcecode.c.h; path = ViewController.h; sourceTree = "<group>"; };
		131E81F41EA63144004E35D1 /* ViewController.m */ = {isa = PBXFileReference; lastKnownFileType = sourcecode.c.objc; path = ViewController.m; sourceTree = "<group>"; };
		131E81F71EA63144004E35D1 /* Base */ = {isa = PBXFileReference; lastKnownFileType = file.storyboard; name = Base; path = Base.lproj/Main.storyboard; sourceTree = "<group>"; };
		131E81F91EA63144004E35D1 /* Assets.xcassets */ = {isa = PBXFileReference; lastKnownFileType = folder.assetcatalog; path = Assets.xcassets; sourceTree = "<group>"; };
		131E81FC1EA63144004E35D1 /* Base */ = {isa = PBXFileReference; lastKnownFileType = file.storyboard; name = Base; path = Base.lproj/LaunchScreen.storyboard; sourceTree = "<group>"; };
		131E81FE1EA63144004E35D1 /* Info.plist */ = {isa = PBXFileReference; lastKnownFileType = text.plist.xml; path = Info.plist; sourceTree = "<group>"; };
		131E82031EA63144004E35D1 /* 100000wp_iOSTests.xctest */ = {isa = PBXFileReference; explicitFileType = wrapper.cfbundle; includeInIndex = 0; path = 100000wp_iOSTests.xctest; sourceTree = BUILT_PRODUCTS_DIR; };
		131E82071EA63144004E35D1 /* _00000wp_iOSTests.m */ = {isa = PBXFileReference; lastKnownFileType = sourcecode.c.objc; path = _00000wp_iOSTests.m; sourceTree = "<group>"; };
		131E82091EA63144004E35D1 /* Info.plist */ = {isa = PBXFileReference; lastKnownFileType = text.plist.xml; path = Info.plist; sourceTree = "<group>"; };
		131E820E1EA63144004E35D1 /* 100000wp_iOSUITests.xctest */ = {isa = PBXFileReference; explicitFileType = wrapper.cfbundle; includeInIndex = 0; path = 100000wp_iOSUITests.xctest; sourceTree = BUILT_PRODUCTS_DIR; };
		131E82121EA63144004E35D1 /* _00000wp_iOSUITests.m */ = {isa = PBXFileReference; lastKnownFileType = sourcecode.c.objc; path = _00000wp_iOSUITests.m; sourceTree = "<group>"; };
		131E82141EA63144004E35D1 /* Info.plist */ = {isa = PBXFileReference; lastKnownFileType = text.plist.xml; path = Info.plist; sourceTree = "<group>"; };
		2685DC4BD087E6A9DFA98FBD /* Pods-100000wp_iOS.release.xcconfig */ = {isa = PBXFileReference; includeInIndex = 1; lastKnownFileType = text.xcconfig; name = "Pods-100000wp_iOS.release.xcconfig"; path = "Pods/Target Support Files/Pods-100000wp_iOS/Pods-100000wp_iOS.release.xcconfig"; sourceTree = "<group>"; };
		332C0E141132B58748E55629 /* Pods-100000wp_iOSTests.debug.xcconfig */ = {isa = PBXFileReference; includeInIndex = 1; lastKnownFileType = text.xcconfig; name = "Pods-100000wp_iOSTests.debug.xcconfig"; path = "Pods/Target Support Files/Pods-100000wp_iOSTests/Pods-100000wp_iOSTests.debug.xcconfig"; sourceTree = "<group>"; };
		4F6958CBF2312935773D8B03 /* Pods-100000wp_iOSUITests.release.xcconfig */ = {isa = PBXFileReference; includeInIndex = 1; lastKnownFileType = text.xcconfig; name = "Pods-100000wp_iOSUITests.release.xcconfig"; path = "Pods/Target Support Files/Pods-100000wp_iOSUITests/Pods-100000wp_iOSUITests.release.xcconfig"; sourceTree = "<group>"; };
		654D8E151F6BE0DD16B51873 /* libPods-100000wp_iOSTests.a */ = {isa = PBXFileReference; explicitFileType = archive.ar; includeInIndex = 0; path = "libPods-100000wp_iOSTests.a"; sourceTree = BUILT_PRODUCTS_DIR; };
		6F52DAA9F37E699F84EA6903 /* libPods-100000wp_iOS.a */ = {isa = PBXFileReference; explicitFileType = archive.ar; includeInIndex = 0; path = "libPods-100000wp_iOS.a"; sourceTree = BUILT_PRODUCTS_DIR; };
		85796E81DA2D926B695DE887 /* Pods-100000wp_iOS.debug.xcconfig */ = {isa = PBXFileReference; includeInIndex = 1; lastKnownFileType = text.xcconfig; name = "Pods-100000wp_iOS.debug.xcconfig"; path = "Pods/Target Support Files/Pods-100000wp_iOS/Pods-100000wp_iOS.debug.xcconfig"; sourceTree = "<group>"; };
		AA99FFBB26A22C5802B122CE /* libPods-100000wp_iOSUITests.a */ = {isa = PBXFileReference; explicitFileType = archive.ar; includeInIndex = 0; path = "libPods-100000wp_iOSUITests.a"; sourceTree = BUILT_PRODUCTS_DIR; };
		B95BEE228394D4E4D73D5769 /* Pods-100000wp_iOSUITests.debug.xcconfig */ = {isa = PBXFileReference; includeInIndex = 1; lastKnownFileType = text.xcconfig; name = "Pods-100000wp_iOSUITests.debug.xcconfig"; path = "Pods/Target Support Files/Pods-100000wp_iOSUITests/Pods-100000wp_iOSUITests.debug.xcconfig"; sourceTree = "<group>"; };
		F557B08CF0DE343EA60F804D /* Pods-100000wp_iOSTests.release.xcconfig */ = {isa = PBXFileReference; includeInIndex = 1; lastKnownFileType = text.xcconfig; name = "Pods-100000wp_iOSTests.release.xcconfig"; path = "Pods/Target Support Files/Pods-100000wp_iOSTests/Pods-100000wp_iOSTests.release.xcconfig"; sourceTree = "<group>"; };
/* End PBXFileReference section */

/* Begin PBXFrameworksBuildPhase section */
		131E81E71EA63144004E35D1 /* Frameworks */ = {
			isa = PBXFrameworksBuildPhase;
			buildActionMask = 2147483647;
			files = (
				1D8086F3B1283757F291D7E2 /* libPods-100000wp_iOS.a in Frameworks */,
			);
			runOnlyForDeploymentPostprocessing = 0;
		};
		131E82001EA63144004E35D1 /* Frameworks */ = {
			isa = PBXFrameworksBuildPhase;
			buildActionMask = 2147483647;
			files = (
				36315A82BCB480969AD37BB6 /* libPods-100000wp_iOSTests.a in Frameworks */,
			);
			runOnlyForDeploymentPostprocessing = 0;
		};
		131E820B1EA63144004E35D1 /* Frameworks */ = {
			isa = PBXFrameworksBuildPhase;
			buildActionMask = 2147483647;
			files = (
				91C0099D4882156A5B119066 /* libPods-100000wp_iOSUITests.a in Frameworks */,
			);
			runOnlyForDeploymentPostprocessing = 0;
		};
/* End PBXFrameworksBuildPhase section */

/* Begin PBXGroup section */
		131E81E11EA63144004E35D1 = {
			isa = PBXGroup;
			children = (
				131E81EC1EA63144004E35D1 /* 100000wp_iOS */,
				131E82061EA63144004E35D1 /* 100000wp_iOSTests */,
				131E82111EA63144004E35D1 /* 100000wp_iOSUITests */,
				131E81EB1EA63144004E35D1 /* Products */,
				3ED84984BC2044AB917DDC23 /* Pods */,
				53C374A744A5AECE2FE9E59F /* Frameworks */,
			);
			sourceTree = "<group>";
		};
		131E81EB1EA63144004E35D1 /* Products */ = {
			isa = PBXGroup;
			children = (
				131E81EA1EA63144004E35D1 /* 100000wp_iOS.app */,
				131E82031EA63144004E35D1 /* 100000wp_iOSTests.xctest */,
				131E820E1EA63144004E35D1 /* 100000wp_iOSUITests.xctest */,
			);
			name = Products;
			sourceTree = "<group>";
		};
		131E81EC1EA63144004E35D1 /* 100000wp_iOS */ = {
			isa = PBXGroup;
			children = (
				131E81F01EA63144004E35D1 /* AppDelegate.h */,
				131E81F11EA63144004E35D1 /* AppDelegate.m */,
				131E81F31EA63144004E35D1 /* ViewController.h */,
				131E81F41EA63144004E35D1 /* ViewController.m */,
				131E81F61EA63144004E35D1 /* Main.storyboard */,
				131E81F91EA63144004E35D1 /* Assets.xcassets */,
				131E81FB1EA63144004E35D1 /* LaunchScreen.storyboard */,
				131E81FE1EA63144004E35D1 /* Info.plist */,
				131E81ED1EA63144004E35D1 /* Supporting Files */,
			);
			path = 100000wp_iOS;
			sourceTree = "<group>";
		};
		131E81ED1EA63144004E35D1 /* Supporting Files */ = {
			isa = PBXGroup;
			children = (
				131E81EE1EA63144004E35D1 /* main.m */,
			);
			name = "Supporting Files";
			sourceTree = "<group>";
		};
		131E82061EA63144004E35D1 /* 100000wp_iOSTests */ = {
			isa = PBXGroup;
			children = (
				131E82071EA63144004E35D1 /* _00000wp_iOSTests.m */,
				131E82091EA63144004E35D1 /* Info.plist */,
			);
			path = 100000wp_iOSTests;
			sourceTree = "<group>";
		};
		131E82111EA63144004E35D1 /* 100000wp_iOSUITests */ = {
			isa = PBXGroup;
			children = (
				131E82121EA63144004E35D1 /* _00000wp_iOSUITests.m */,
				131E82141EA63144004E35D1 /* Info.plist */,
			);
			path = 100000wp_iOSUITests;
			sourceTree = "<group>";
		};
		3ED84984BC2044AB917DDC23 /* Pods */ = {
			isa = PBXGroup;
			children = (
				85796E81DA2D926B695DE887 /* Pods-100000wp_iOS.debug.xcconfig */,
				2685DC4BD087E6A9DFA98FBD /* Pods-100000wp_iOS.release.xcconfig */,
				332C0E141132B58748E55629 /* Pods-100000wp_iOSTests.debug.xcconfig */,
				F557B08CF0DE343EA60F804D /* Pods-100000wp_iOSTests.release.xcconfig */,
				B95BEE228394D4E4D73D5769 /* Pods-100000wp_iOSUITests.debug.xcconfig */,
				4F6958CBF2312935773D8B03 /* Pods-100000wp_iOSUITests.release.xcconfig */,
			);
			name = Pods;
			sourceTree = "<group>";
		};
		53C374A744A5AECE2FE9E59F /* Frameworks */ = {
			isa = PBXGroup;
			children = (
				6F52DAA9F37E699F84EA6903 /* libPods-100000wp_iOS.a */,
				654D8E151F6BE0DD16B51873 /* libPods-100000wp_iOSTests.a */,
				AA99FFBB26A22C5802B122CE /* libPods-100000wp_iOSUITests.a */,
			);
			name = Frameworks;
			sourceTree = "<group>";
		};
/* End PBXGroup section */

/* Begin PBXNativeTarget section */
		131E81E91EA63144004E35D1 /* 100000wp_iOS */ = {
			isa = PBXNativeTarget;
			buildConfigurationList = 131E82171EA63144004E35D1 /* Build configuration list for PBXNativeTarget "100000wp_iOS" */;
			buildPhases = (
				55DC5E374DBFD6349C8E5814 /* [CP] Check Pods Manifest.lock */,
				131E81E61EA63144004E35D1 /* Sources */,
				131E81E71EA63144004E35D1 /* Frameworks */,
				131E81E81EA63144004E35D1 /* Resources */,
				42EE391C574FB71EDC6BABE3 /* [CP] Embed Pods Frameworks */,
				EE187CCCC83343B4C26E4B3E /* [CP] Copy Pods Resources */,
			);
			buildRules = (
			);
			dependencies = (
			);
			name = 100000wp_iOS;
			productName = 100000wp_iOS;
			productReference = 131E81EA1EA63144004E35D1 /* 100000wp_iOS.app */;
			productType = "com.apple.product-type.application";
		};
		131E82021EA63144004E35D1 /* 100000wp_iOSTests */ = {
			isa = PBXNativeTarget;
			buildConfigurationList = 131E821A1EA63144004E35D1 /* Build configuration list for PBXNativeTarget "100000wp_iOSTests" */;
			buildPhases = (
				A7F0F362F7305B14824EB573 /* [CP] Check Pods Manifest.lock */,
				131E81FF1EA63144004E35D1 /* Sources */,
				131E82001EA63144004E35D1 /* Frameworks */,
				131E82011EA63144004E35D1 /* Resources */,
				EE40FB917AEC5CB004AAFA08 /* [CP] Embed Pods Frameworks */,
				6E9CDB4F2C643A0ED2411AD1 /* [CP] Copy Pods Resources */,
			);
			buildRules = (
			);
			dependencies = (
				131E82051EA63144004E35D1 /* PBXTargetDependency */,
			);
			name = 100000wp_iOSTests;
			productName = 100000wp_iOSTests;
			productReference = 131E82031EA63144004E35D1 /* 100000wp_iOSTests.xctest */;
			productType = "com.apple.product-type.bundle.unit-test";
		};
		131E820D1EA63144004E35D1 /* 100000wp_iOSUITests */ = {
			isa = PBXNativeTarget;
			buildConfigurationList = 131E821D1EA63144004E35D1 /* Build configuration list for PBXNativeTarget "100000wp_iOSUITests" */;
			buildPhases = (
				041523276292446139508318 /* [CP] Check Pods Manifest.lock */,
				131E820A1EA63144004E35D1 /* Sources */,
				131E820B1EA63144004E35D1 /* Frameworks */,
				131E820C1EA63144004E35D1 /* Resources */,
				A68A0AB13648ED8DB0A595D7 /* [CP] Embed Pods Frameworks */,
				C96EA3528568FEFD6480996F /* [CP] Copy Pods Resources */,
			);
			buildRules = (
			);
			dependencies = (
				131E82101EA63144004E35D1 /* PBXTargetDependency */,
			);
			name = 100000wp_iOSUITests;
			productName = 100000wp_iOSUITests;
			productReference = 131E820E1EA63144004E35D1 /* 100000wp_iOSUITests.xctest */;
			productType = "com.apple.product-type.bundle.ui-testing";
		};
/* End PBXNativeTarget section */

/* Begin PBXProject section */
		131E81E21EA63144004E35D1 /* Project object */ = {
			isa = PBXProject;
			attributes = {
				LastUpgradeCheck = 0830;
				ORGANIZATIONNAME = 100000wp;
				TargetAttributes = {
					131E81E91EA63144004E35D1 = {
						CreatedOnToolsVersion = 8.3.1;
						DevelopmentTeam = DV23PDFYM3;
						ProvisioningStyle = Automatic;
					};
					131E82021EA63144004E35D1 = {
						CreatedOnToolsVersion = 8.3.1;
						DevelopmentTeam = DV23PDFYM3;
						ProvisioningStyle = Automatic;
						TestTargetID = 131E81E91EA63144004E35D1;
					};
					131E820D1EA63144004E35D1 = {
						CreatedOnToolsVersion = 8.3.1;
						DevelopmentTeam = DV23PDFYM3;
						ProvisioningStyle = Automatic;
						TestTargetID = 131E81E91EA63144004E35D1;
					};
				};
			};
			buildConfigurationList = 131E81E51EA63144004E35D1 /* Build configuration list for PBXProject "100000wp_iOS" */;
			compatibilityVersion = "Xcode 3.2";
			developmentRegion = English;
			hasScannedForEncodings = 0;
			knownRegions = (
				en,
				Base,
			);
			mainGroup = 131E81E11EA63144004E35D1;
			productRefGroup = 131E81EB1EA63144004E35D1 /* Products */;
			projectDirPath = "";
			projectRoot = "";
			targets = (
				131E81E91EA63144004E35D1 /* 100000wp_iOS */,
				131E82021EA63144004E35D1 /* 100000wp_iOSTests */,
				131E820D1EA63144004E35D1 /* 100000wp_iOSUITests */,
			);
		};
/* End PBXProject section */

/* Begin PBXResourcesBuildPhase section */
		131E81E81EA63144004E35D1 /* Resources */ = {
			isa = PBXResourcesBuildPhase;
			buildActionMask = 2147483647;
			files = (
				131E81FD1EA63144004E35D1 /* LaunchScreen.storyboard in Resources */,
				131E81FA1EA63144004E35D1 /* Assets.xcassets in Resources */,
				131E81F81EA63144004E35D1 /* Main.storyboard in Resources */,
			);
			runOnlyForDeploymentPostprocessing = 0;
		};
		131E82011EA63144004E35D1 /* Resources */ = {
			isa = PBXResourcesBuildPhase;
			buildActionMask = 2147483647;
			files = (
			);
			runOnlyForDeploymentPostprocessing = 0;
		};
		131E820C1EA63144004E35D1 /* Resources */ = {
			isa = PBXResourcesBuildPhase;
			buildActionMask = 2147483647;
			files = (
			);
			runOnlyForDeploymentPostprocessing = 0;
		};
/* End PBXResourcesBuildPhase section */

/* Begin PBXShellScriptBuildPhase section */
		041523276292446139508318 /* [CP] Check Pods Manifest.lock */ = {
			isa = PBXShellScriptBuildPhase;
			buildActionMask = 2147483647;
			files = (
			);
			inputPaths = (
			);
			name = "[CP] Check Pods Manifest.lock";
			outputPaths = (
			);
			runOnlyForDeploymentPostprocessing = 0;
			shellPath = /bin/sh;
			shellScript = "diff \"${PODS_PODFILE_DIR_PATH}/Podfile.lock\" \"${PODS_ROOT}/Manifest.lock\" > /dev/null\nif [ $? != 0 ] ; then\n    # print error to STDERR\n    echo \"error: The sandbox is not in sync with the Podfile.lock. Run 'pod install' or update your CocoaPods installation.\" >&2\n    exit 1\nfi\n";
			showEnvVarsInLog = 0;
		};
		42EE391C574FB71EDC6BABE3 /* [CP] Embed Pods Frameworks */ = {
			isa = PBXShellScriptBuildPhase;
			buildActionMask = 2147483647;
			files = (
			);
			inputPaths = (
			);
			name = "[CP] Embed Pods Frameworks";
			outputPaths = (
			);
			runOnlyForDeploymentPostprocessing = 0;
			shellPath = /bin/sh;
			shellScript = "\"${SRCROOT}/Pods/Target Support Files/Pods-100000wp_iOS/Pods-100000wp_iOS-frameworks.sh\"\n";
			showEnvVarsInLog = 0;
		};
		55DC5E374DBFD6349C8E5814 /* [CP] Check Pods Manifest.lock */ = {
			isa = PBXShellScriptBuildPhase;
			buildActionMask = 2147483647;
			files = (
			);
			inputPaths = (
			);
			name = "[CP] Check Pods Manifest.lock";
			outputPaths = (
			);
			runOnlyForDeploymentPostprocessing = 0;
			shellPath = /bin/sh;
			shellScript = "diff \"${PODS_PODFILE_DIR_PATH}/Podfile.lock\" \"${PODS_ROOT}/Manifest.lock\" > /dev/null\nif [ $? != 0 ] ; then\n    # print error to STDERR\n    echo \"error: The sandbox is not in sync with the Podfile.lock. Run 'pod install' or update your CocoaPods installation.\" >&2\n    exit 1\nfi\n";
			showEnvVarsInLog = 0;
		};
		6E9CDB4F2C643A0ED2411AD1 /* [CP] Copy Pods Resources */ = {
			isa = PBXShellScriptBuildPhase;
			buildActionMask = 2147483647;
			files = (
			);
			inputPaths = (
			);
			name = "[CP] Copy Pods Resources";
			outputPaths = (
			);
			runOnlyForDeploymentPostprocessing = 0;
			shellPath = /bin/sh;
			shellScript = "\"${SRCROOT}/Pods/Target Support Files/Pods-100000wp_iOSTests/Pods-100000wp_iOSTests-resources.sh\"\n";
			showEnvVarsInLog = 0;
		};
		A68A0AB13648ED8DB0A595D7 /* [CP] Embed Pods Frameworks */ = {
			isa = PBXShellScriptBuildPhase;
			buildActionMask = 2147483647;
			files = (
			);
			inputPaths = (
			);
			name = "[CP] Embed Pods Frameworks";
			outputPaths = (
			);
			runOnlyForDeploymentPostprocessing = 0;
			shellPath = /bin/sh;
			shellScript = "\"${SRCROOT}/Pods/Target Support Files/Pods-100000wp_iOSUITests/Pods-100000wp_iOSUITests-frameworks.sh\"\n";
			showEnvVarsInLog = 0;
		};
		A7F0F362F7305B14824EB573 /* [CP] Check Pods Manifest.lock */ = {
			isa = PBXShellScriptBuildPhase;
			buildActionMask = 2147483647;
			files = (
			);
			inputPaths = (
			);
			name = "[CP] Check Pods Manifest.lock";
			outputPaths = (
			);
			runOnlyForDeploymentPostprocessing = 0;
			shellPath = /bin/sh;
			shellScript = "diff \"${PODS_PODFILE_DIR_PATH}/Podfile.lock\" \"${PODS_ROOT}/Manifest.lock\" > /dev/null\nif [ $? != 0 ] ; then\n    # print error to STDERR\n    echo \"error: The sandbox is not in sync with the Podfile.lock. Run 'pod install' or update your CocoaPods installation.\" >&2\n    exit 1\nfi\n";
			showEnvVarsInLog = 0;
		};
		C96EA3528568FEFD6480996F /* [CP] Copy Pods Resources */ = {
			isa = PBXShellScriptBuildPhase;
			buildActionMask = 2147483647;
			files = (
			);
			inputPaths = (
			);
			name = "[CP] Copy Pods Resources";
			outputPaths = (
			);
			runOnlyForDeploymentPostprocessing = 0;
			shellPath = /bin/sh;
			shellScript = "\"${SRCROOT}/Pods/Target Support Files/Pods-100000wp_iOSUITests/Pods-100000wp_iOSUITests-resources.sh\"\n";
			showEnvVarsInLog = 0;
		};
		EE187CCCC83343B4C26E4B3E /* [CP] Copy Pods Resources */ = {
			isa = PBXShellScriptBuildPhase;
			buildActionMask = 2147483647;
			files = (
			);
			inputPaths = (
			);
			name = "[CP] Copy Pods Resources";
			outputPaths = (
			);
			runOnlyForDeploymentPostprocessing = 0;
			shellPath = /bin/sh;
			shellScript = "\"${SRCROOT}/Pods/Target Support Files/Pods-100000wp_iOS/Pods-100000wp_iOS-resources.sh\"\n";
			showEnvVarsInLog = 0;
		};
		EE40FB917AEC5CB004AAFA08 /* [CP] Embed Pods Frameworks */ = {
			isa = PBXShellScriptBuildPhase;
			buildActionMask = 2147483647;
			files = (
			);
			inputPaths = (
			);
			name = "[CP] Embed Pods Frameworks";
			outputPaths = (
			);
			runOnlyForDeploymentPostprocessing = 0;
			shellPath = /bin/sh;
			shellScript = "\"${SRCROOT}/Pods/Target Support Files/Pods-100000wp_iOSTests/Pods-100000wp_iOSTests-frameworks.sh\"\n";
			showEnvVarsInLog = 0;
		};
/* End PBXShellScriptBuildPhase section */

/* Begin PBXSourcesBuildPhase section */
		131E81E61EA63144004E35D1 /* Sources */ = {
			isa = PBXSourcesBuildPhase;
			buildActionMask = 2147483647;
			files = (
				131E81F51EA63144004E35D1 /* ViewController.m in Sources */,
				131E81F21EA63144004E35D1 /* AppDelegate.m in Sources */,
				131E81EF1EA63144004E35D1 /* main.m in Sources */,
			);
			runOnlyForDeploymentPostprocessing = 0;
		};
		131E81FF1EA63144004E35D1 /* Sources */ = {
			isa = PBXSourcesBuildPhase;
			buildActionMask = 2147483647;
			files = (
				131E82081EA63144004E35D1 /* _00000wp_iOSTests.m in Sources */,
			);
			runOnlyForDeploymentPostprocessing = 0;
		};
		131E820A1EA63144004E35D1 /* Sources */ = {
			isa = PBXSourcesBuildPhase;
			buildActionMask = 2147483647;
			files = (
				131E82131EA63144004E35D1 /* _00000wp_iOSUITests.m in Sources */,
			);
			runOnlyForDeploymentPostprocessing = 0;
		};
/* End PBXSourcesBuildPhase section */

/* Begin PBXTargetDependency section */
		131E82051EA63144004E35D1 /* PBXTargetDependency */ = {
			isa = PBXTargetDependency;
			target = 131E81E91EA63144004E35D1 /* 100000wp_iOS */;
			targetProxy = 131E82041EA63144004E35D1 /* PBXContainerItemProxy */;
		};
		131E82101EA63144004E35D1 /* PBXTargetDependency */ = {
			isa = PBXTargetDependency;
			target = 131E81E91EA63144004E35D1 /* 100000wp_iOS */;
			targetProxy = 131E820F1EA63144004E35D1 /* PBXContainerItemProxy */;
		};
/* End PBXTargetDependency section */

/* Begin PBXVariantGroup section */
		131E81F61EA63144004E35D1 /* Main.storyboard */ = {
			isa = PBXVariantGroup;
			children = (
				131E81F71EA63144004E35D1 /* Base */,
			);
			name = Main.storyboard;
			sourceTree = "<group>";
		};
		131E81FB1EA63144004E35D1 /* LaunchScreen.storyboard */ = {
			isa = PBXVariantGroup;
			children = (
				131E81FC1EA63144004E35D1 /* Base */,
			);
			name = LaunchScreen.storyboard;
			sourceTree = "<group>";
		};
/* End PBXVariantGroup section */

/* Begin XCBuildConfiguration section */
		131E82151EA63144004E35D1 /* Debug */ = {
			isa = XCBuildConfiguration;
			buildSettings = {
				ALWAYS_SEARCH_USER_PATHS = NO;
				CLANG_ANALYZER_NONNULL = YES;
				CLANG_ANALYZER_NUMBER_OBJECT_CONVERSION = YES_AGGRESSIVE;
				CLANG_CXX_LANGUAGE_STANDARD = "gnu++0x";
				CLANG_CXX_LIBRARY = "libc++";
				CLANG_ENABLE_MODULES = YES;
				CLANG_ENABLE_OBJC_ARC = YES;
				CLANG_WARN_BOOL_CONVERSION = YES;
				CLANG_WARN_CONSTANT_CONVERSION = YES;
				CLANG_WARN_DIRECT_OBJC_ISA_USAGE = YES_ERROR;
				CLANG_WARN_DOCUMENTATION_COMMENTS = YES;
				CLANG_WARN_EMPTY_BODY = YES;
				CLANG_WARN_ENUM_CONVERSION = YES;
				CLANG_WARN_INFINITE_RECURSION = YES;
				CLANG_WARN_INT_CONVERSION = YES;
				CLANG_WARN_OBJC_ROOT_CLASS = YES_ERROR;
				CLANG_WARN_SUSPICIOUS_MOVE = YES;
				CLANG_WARN_UNREACHABLE_CODE = YES;
				CLANG_WARN__DUPLICATE_METHOD_MATCH = YES;
				"CODE_SIGN_IDENTITY[sdk=iphoneos*]" = "iPhone Developer";
				COPY_PHASE_STRIP = NO;
				DEBUG_INFORMATION_FORMAT = dwarf;
				ENABLE_STRICT_OBJC_MSGSEND = YES;
				ENABLE_TESTABILITY = YES;
				GCC_C_LANGUAGE_STANDARD = gnu99;
				GCC_DYNAMIC_NO_PIC = NO;
				GCC_NO_COMMON_BLOCKS = YES;
				GCC_OPTIMIZATION_LEVEL = 0;
				GCC_PREPROCESSOR_DEFINITIONS = (
					"DEBUG=1",
					"$(inherited)",
				);
				GCC_WARN_64_TO_32_BIT_CONVERSION = YES;
				GCC_WARN_ABOUT_RETURN_TYPE = YES_ERROR;
				GCC_WARN_UNDECLARED_SELECTOR = YES;
				GCC_WARN_UNINITIALIZED_AUTOS = YES_AGGRESSIVE;
				GCC_WARN_UNUSED_FUNCTION = YES;
				GCC_WARN_UNUSED_VARIABLE = YES;
				IPHONEOS_DEPLOYMENT_TARGET = 10.3;
				MTL_ENABLE_DEBUG_INFO = YES;
				ONLY_ACTIVE_ARCH = YES;
				SDKROOT = iphoneos;
			};
			name = Debug;
		};
		131E82161EA63144004E35D1 /* Release */ = {
			isa = XCBuildConfiguration;
			buildSettings = {
				ALWAYS_SEARCH_USER_PATHS = NO;
				CLANG_ANALYZER_NONNULL = YES;
				CLANG_ANALYZER_NUMBER_OBJECT_CONVERSION = YES_AGGRESSIVE;
				CLANG_CXX_LANGUAGE_STANDARD = "gnu++0x";
				CLANG_CXX_LIBRARY = "libc++";
				CLANG_ENABLE_MODULES = YES;
				CLANG_ENABLE_OBJC_ARC = YES;
				CLANG_WARN_BOOL_CONVERSION = YES;
				CLANG_WARN_CONSTANT_CONVERSION = YES;
				CLANG_WARN_DIRECT_OBJC_ISA_USAGE = YES_ERROR;
				CLANG_WARN_DOCUMENTATION_COMMENTS = YES;
				CLANG_WARN_EMPTY_BODY = YES;
				CLANG_WARN_ENUM_CONVERSION = YES;
				CLANG_WARN_INFINITE_RECURSION = YES;
				CLANG_WARN_INT_CONVERSION = YES;
				CLANG_WARN_OBJC_ROOT_CLASS = YES_ERROR;
				CLANG_WARN_SUSPICIOUS_MOVE = YES;
				CLANG_WARN_UNREACHABLE_CODE = YES;
				CLANG_WARN__DUPLICATE_METHOD_MATCH = YES;
				"CODE_SIGN_IDENTITY[sdk=iphoneos*]" = "iPhone Developer";
				COPY_PHASE_STRIP = NO;
				DEBUG_INFORMATION_FORMAT = "dwarf-with-dsym";
				ENABLE_NS_ASSERTIONS = NO;
				ENABLE_STRICT_OBJC_MSGSEND = YES;
				GCC_C_LANGUAGE_STANDARD = gnu99;
				GCC_NO_COMMON_BLOCKS = YES;
				GCC_WARN_64_TO_32_BIT_CONVERSION = YES;
				GCC_WARN_ABOUT_RETURN_TYPE = YES_ERROR;
				GCC_WARN_UNDECLARED_SELECTOR = YES;
				GCC_WARN_UNINITIALIZED_AUTOS = YES_AGGRESSIVE;
				GCC_WARN_UNUSED_FUNCTION = YES;
				GCC_WARN_UNUSED_VARIABLE = YES;
				IPHONEOS_DEPLOYMENT_TARGET = 10.3;
				MTL_ENABLE_DEBUG_INFO = NO;
				SDKROOT = iphoneos;
				VALIDATE_PRODUCT = YES;
			};
			name = Release;
		};
		131E82181EA63144004E35D1 /* Debug */ = {
			isa = XCBuildConfiguration;
			baseConfigurationReference = 85796E81DA2D926B695DE887 /* Pods-100000wp_iOS.debug.xcconfig */;
			buildSettings = {
				ASSETCATALOG_COMPILER_APPICON_NAME = AppIcon;
				DEVELOPMENT_TEAM = DV23PDFYM3;
				INFOPLIST_FILE = 100000wp_iOS/Info.plist;
				IPHONEOS_DEPLOYMENT_TARGET = 8.0;
				LD_RUNPATH_SEARCH_PATHS = "$(inherited) @executable_path/Frameworks";
				PRODUCT_BUNDLE_IDENTIFIER = "-00000wp.-00000wp-iOS";
				PRODUCT_NAME = "$(TARGET_NAME)";
			};
			name = Debug;
		};
		131E82191EA63144004E35D1 /* Release */ = {
			isa = XCBuildConfiguration;
			baseConfigurationReference = 2685DC4BD087E6A9DFA98FBD /* Pods-100000wp_iOS.release.xcconfig */;
			buildSettings = {
				ASSETCATALOG_COMPILER_APPICON_NAME = AppIcon;
				DEVELOPMENT_TEAM = DV23PDFYM3;
				INFOPLIST_FILE = 100000wp_iOS/Info.plist;
				IPHONEOS_DEPLOYMENT_TARGET = 8.0;
				LD_RUNPATH_SEARCH_PATHS = "$(inherited) @executable_path/Frameworks";
				PRODUCT_BUNDLE_IDENTIFIER = "-00000wp.-00000wp-iOS";
				PRODUCT_NAME = "$(TARGET_NAME)";
			};
			name = Release;
		};
		131E821B1EA63144004E35D1 /* Debug */ = {
			isa = XCBuildConfiguration;
			baseConfigurationReference = 332C0E141132B58748E55629 /* Pods-100000wp_iOSTests.debug.xcconfig */;
			buildSettings = {
				BUNDLE_LOADER = "$(TEST_HOST)";
				DEVELOPMENT_TEAM = DV23PDFYM3;
				INFOPLIST_FILE = 100000wp_iOSTests/Info.plist;
				LD_RUNPATH_SEARCH_PATHS = "$(inherited) @executable_path/Frameworks @loader_path/Frameworks";
				PRODUCT_BUNDLE_IDENTIFIER = "-00000wp.-00000wp-iOSTests";
				PRODUCT_NAME = "$(TARGET_NAME)";
				TEST_HOST = "$(BUILT_PRODUCTS_DIR)/100000wp_iOS.app/100000wp_iOS";
			};
			name = Debug;
		};
		131E821C1EA63144004E35D1 /* Release */ = {
			isa = XCBuildConfiguration;
			baseConfigurationReference = F557B08CF0DE343EA60F804D /* Pods-100000wp_iOSTests.release.xcconfig */;
			buildSettings = {
				BUNDLE_LOADER = "$(TEST_HOST)";
				DEVELOPMENT_TEAM = DV23PDFYM3;
				INFOPLIST_FILE = 100000wp_iOSTests/Info.plist;
				LD_RUNPATH_SEARCH_PATHS = "$(inherited) @executable_path/Frameworks @loader_path/Frameworks";
				PRODUCT_BUNDLE_IDENTIFIER = "-00000wp.-00000wp-iOSTests";
				PRODUCT_NAME = "$(TARGET_NAME)";
				TEST_HOST = "$(BUILT_PRODUCTS_DIR)/100000wp_iOS.app/100000wp_iOS";
			};
			name = Release;
		};
		131E821E1EA63144004E35D1 /* Debug */ = {
			isa = XCBuildConfiguration;
			baseConfigurationReference = B95BEE228394D4E4D73D5769 /* Pods-100000wp_iOSUITests.debug.xcconfig */;
			buildSettings = {
				DEVELOPMENT_TEAM = DV23PDFYM3;
				INFOPLIST_FILE = 100000wp_iOSUITests/Info.plist;
				LD_RUNPATH_SEARCH_PATHS = "$(inherited) @executable_path/Frameworks @loader_path/Frameworks";
				PRODUCT_BUNDLE_IDENTIFIER = "-00000wp.-00000wp-iOSUITests";
				PRODUCT_NAME = "$(TARGET_NAME)";
				TEST_TARGET_NAME = 100000wp_iOS;
			};
			name = Debug;
		};
		131E821F1EA63144004E35D1 /* Release */ = {
			isa = XCBuildConfiguration;
			baseConfigurationReference = 4F6958CBF2312935773D8B03 /* Pods-100000wp_iOSUITests.release.xcconfig */;
			buildSettings = {
				DEVELOPMENT_TEAM = DV23PDFYM3;
				INFOPLIST_FILE = 100000wp_iOSUITests/Info.plist;
				LD_RUNPATH_SEARCH_PATHS = "$(inherited) @executable_path/Frameworks @loader_path/Frameworks";
				PRODUCT_BUNDLE_IDENTIFIER = "-00000wp.-00000wp-iOSUITests";
				PRODUCT_NAME = "$(TARGET_NAME)";
				TEST_TARGET_NAME = 100000wp_iOS;
			};
			name = Release;
		};
/* End XCBuildConfiguration section */

/* Begin XCConfigurationList section */
		131E81E51EA63144004E35D1 /* Build configuration list for PBXProject "100000wp_iOS" */ = {
			isa = XCConfigurationList;
			buildConfigurations = (
				131E82151EA63144004E35D1 /* Debug */,
				131E82161EA63144004E35D1 /* Release */,
			);
			defaultConfigurationIsVisible = 0;
			defaultConfigurationName = Release;
		};
		131E82171EA63144004E35D1 /* Build configuration list for PBXNativeTarget "100000wp_iOS" */ = {
			isa = XCConfigurationList;
			buildConfigurations = (
				131E82181EA63144004E35D1 /* Debug */,
				131E82191EA63144004E35D1 /* Release */,
			);
			defaultConfigurationIsVisible = 0;
			defaultConfigurationName = Release;
		};
		131E821A1EA63144004E35D1 /* Build configuration list for PBXNativeTarget "100000wp_iOSTests" */ = {
			isa = XCConfigurationList;
			buildConfigurations = (
				131E821B1EA63144004E35D1 /* Debug */,
				131E821C1EA63144004E35D1 /* Release */,
			);
			defaultConfigurationIsVisible = 0;
			defaultConfigurationName = Release;
		};
		131E821D1EA63144004E35D1 /* Build configuration list for PBXNativeTarget "100000wp_iOSUITests" */ = {
			isa = XCConfigurationList;
			buildConfigurations = (
				131E821E1EA63144004E35D1 /* Debug */,
				131E821F1EA63144004E35D1 /* Release */,
			);
			defaultConfigurationIsVisible = 0;
			defaultConfigurationName = Release;
		};
/* End XCConfigurationList section */
	};
	rootObject = 131E81E21EA63144004E35D1 /* Project object */;
}
